// !$*UTF8*$!
{
	archiveVersion = 1;
	classes = {
	};
	objectVersion = 56;
	objects = {

/* Begin PBXBuildFile section */
		FB9551EE2923EEBF00859394 /* AppDelegate.swift in Sources */ = {isa = PBXBuildFile; fileRef = FB9551ED2923EEBF00859394 /* AppDelegate.swift */; };
		FB9551F02923EEBF00859394 /* SceneDelegate.swift in Sources */ = {isa = PBXBuildFile; fileRef = FB9551EF2923EEBF00859394 /* SceneDelegate.swift */; };
		FB9551F22923EEBF00859394 /* ViewController.swift in Sources */ = {isa = PBXBuildFile; fileRef = FB9551F12923EEBF00859394 /* ViewController.swift */; };
		FB9551F52923EEBF00859394 /* Main.storyboard in Resources */ = {isa = PBXBuildFile; fileRef = FB9551F32923EEBF00859394 /* Main.storyboard */; };
		FB9551F72923EEBF00859394 /* Assets.xcassets in Resources */ = {isa = PBXBuildFile; fileRef = FB9551F62923EEBF00859394 /* Assets.xcassets */; };
		FB9551FA2923EEBF00859394 /* LaunchScreen.storyboard in Resources */ = {isa = PBXBuildFile; fileRef = FB9551F82923EEBF00859394 /* LaunchScreen.storyboard */; };
		FB9552032923EEF500859394 /* Swinject in Frameworks */ = {isa = PBXBuildFile; productRef = FB9552022923EEF500859394 /* Swinject */; };
		FB9552052923F22D00859394 /* BackgroundProviderProtocol.swift in Sources */ = {isa = PBXBuildFile; fileRef = FB9552042923F22D00859394 /* BackgroundProviderProtocol.swift */; };
		FB9552072923F29500859394 /* BackgroundProvidingClass.swift in Sources */ = {isa = PBXBuildFile; fileRef = FB9552062923F29500859394 /* BackgroundProvidingClass.swift */; };
		FB9552092923F39C00859394 /* AnotherVC.swift in Sources */ = {isa = PBXBuildFile; fileRef = FB9552082923F39C00859394 /* AnotherVC.swift */; };
/* End PBXBuildFile section */

/* Begin PBXFileReference section */
		FB9551EA2923EEBF00859394 /* SwiftDependencyInjection.app */ = {isa = PBXFileReference; explicitFileType = wrapper.application; includeInIndex = 0; path = SwiftDependencyInjection.app; sourceTree = BUILT_PRODUCTS_DIR; };
		FB9551ED2923EEBF00859394 /* AppDelegate.swift */ = {isa = PBXFileReference; lastKnownFileType = sourcecode.swift; path = AppDelegate.swift; sourceTree = "<group>"; };
		FB9551EF2923EEBF00859394 /* SceneDelegate.swift */ = {isa = PBXFileReference; lastKnownFileType = sourcecode.swift; path = SceneDelegate.swift; sourceTree = "<group>"; };
		FB9551F12923EEBF00859394 /* ViewController.swift */ = {isa = PBXFileReference; lastKnownFileType = sourcecode.swift; path = ViewController.swift; sourceTree = "<group>"; };
		FB9551F42923EEBF00859394 /* Base */ = {isa = PBXFileReference; lastKnownFileType = file.storyboard; name = Base; path = Base.lproj/Main.storyboard; sourceTree = "<group>"; };
		FB9551F62923EEBF00859394 /* Assets.xcassets */ = {isa = PBXFileReference; lastKnownFileType = folder.assetcatalog; path = Assets.xcassets; sourceTree = "<group>"; };
		FB9551F92923EEBF00859394 /* Base */ = {isa = PBXFileReference; lastKnownFileType = file.storyboard; name = Base; path = Base.lproj/LaunchScreen.storyboard; sourceTree = "<group>"; };
		FB9551FB2923EEBF00859394 /* Info.plist */ = {isa = PBXFileReference; lastKnownFileType = text.plist.xml; path = Info.plist; sourceTree = "<group>"; };
		FB9552042923F22D00859394 /* BackgroundProviderProtocol.swift */ = {isa = PBXFileReference; lastKnownFileType = sourcecode.swift; path = BackgroundProviderProtocol.swift; sourceTree = "<group>"; };
		FB9552062923F29500859394 /* BackgroundProvidingClass.swift */ = {isa = PBXFileReference; lastKnownFileType = sourcecode.swift; path = BackgroundProvidingClass.swift; sourceTree = "<group>"; };
		FB9552082923F39C00859394 /* AnotherVC.swift */ = {isa = PBXFileReference; lastKnownFileType = sourcecode.swift; path = AnotherVC.swift; sourceTree = "<group>"; };
/* End PBXFileReference section */

/* Begin PBXFrameworksBuildPhase section */
		FB9551E72923EEBF00859394 /* Frameworks */ = {
			isa = PBXFrameworksBuildPhase;
			buildActionMask = 2147483647;
			files = (
				FB9552032923EEF500859394 /* Swinject in Frameworks */,
			);
			runOnlyForDeploymentPostprocessing = 0;
		};
/* End PBXFrameworksBuildPhase section */

/* Begin PBXGroup section */
		FB9551E12923EEBF00859394 = {
			isa = PBXGroup;
			children = (
				FB9551EC2923EEBF00859394 /* SwiftDependencyInjection */,
				FB9551EB2923EEBF00859394 /* Products */,
			);
			sourceTree = "<group>";
		};
		FB9551EB2923EEBF00859394 /* Products */ = {
			isa = PBXGroup;
			children = (
				FB9551EA2923EEBF00859394 /* SwiftDependencyInjection.app */,
			);
			name = Products;
			sourceTree = "<group>";
		};
		FB9551EC2923EEBF00859394 /* SwiftDependencyInjection */ = {
			isa = PBXGroup;
			children = (
				FB9551ED2923EEBF00859394 /* AppDelegate.swift */,
				FB9551EF2923EEBF00859394 /* SceneDelegate.swift */,
				FB9551F12923EEBF00859394 /* ViewController.swift */,
				FB9551F32923EEBF00859394 /* Main.storyboard */,
				FB9551F62923EEBF00859394 /* Assets.xcassets */,
				FB9551F82923EEBF00859394 /* LaunchScreen.storyboard */,
				FB9551FB2923EEBF00859394 /* Info.plist */,
				FB9552042923F22D00859394 /* BackgroundProviderProtocol.swift */,
				FB9552062923F29500859394 /* BackgroundProvidingClass.swift */,
				FB9552082923F39C00859394 /* AnotherVC.swift */,
			);
			path = SwiftDependencyInjection;
			sourceTree = "<group>";
		};
/* End PBXGroup section */

/* Begin PBXNativeTarget section */
		FB9551E92923EEBF00859394 /* SwiftDependencyInjection */ = {
			isa = PBXNativeTarget;
			buildConfigurationList = FB9551FE2923EEBF00859394 /* Build configuration list for PBXNativeTarget "SwiftDependencyInjection" */;
			buildPhases = (
				FB9551E62923EEBF00859394 /* Sources */,
				FB9551E72923EEBF00859394 /* Frameworks */,
				FB9551E82923EEBF00859394 /* Resources */,
			);
			buildRules = (
			);
			dependencies = (
			);
			name = SwiftDependencyInjection;
			packageProductDependencies = (
				FB9552022923EEF500859394 /* Swinject */,
			);
			productName = SwiftDependencyInjection;
			productReference = FB9551EA2923EEBF00859394 /* SwiftDependencyInjection.app */;
			productType = "com.apple.product-type.application";
		};
/* End PBXNativeTarget section */

/* Begin PBXProject section */
		FB9551E22923EEBF00859394 /* Project object */ = {
			isa = PBXProject;
			attributes = {
				BuildIndependentTargetsInParallel = 1;
				LastSwiftUpdateCheck = 1400;
				LastUpgradeCheck = 1400;
				TargetAttributes = {
					FB9551E92923EEBF00859394 = {
						CreatedOnToolsVersion = 14.0;
					};
				};
			};
			buildConfigurationList = FB9551E52923EEBF00859394 /* Build configuration list for PBXProject "SwiftDependencyInjection" */;
			compatibilityVersion = "Xcode 14.0";
			developmentRegion = en;
			hasScannedForEncodings = 0;
			knownRegions = (
				en,
				Base,
			);
			mainGroup = FB9551E12923EEBF00859394;
			packageReferences = (
				FB9552012923EEF500859394 /* XCRemoteSwiftPackageReference "Swinject" */,
			);
			productRefGroup = FB9551EB2923EEBF00859394 /* Products */;
			projectDirPath = "";
			projectRoot = "";
			targets = (
				FB9551E92923EEBF00859394 /* SwiftDependencyInjection */,
			);
		};
/* End PBXProject section */

/* Begin PBXResourcesBuildPhase section */
		FB9551E82923EEBF00859394 /* Resources */ = {
			isa = PBXResourcesBuildPhase;
			buildActionMask = 2147483647;
			files = (
				FB9551FA2923EEBF00859394 /* LaunchScreen.storyboard in Resources */,
				FB9551F72923EEBF00859394 /* Assets.xcassets in Resources */,
				FB9551F52923EEBF00859394 /* Main.storyboard in Resources */,
			);
			runOnlyForDeploymentPostprocessing = 0;
		};
/* End PBXResourcesBuildPhase section */

/* Begin PBXSourcesBuildPhase section */
		FB9551E62923EEBF00859394 /* Sources */ = {
			isa = PBXSourcesBuildPhase;
			buildActionMask = 2147483647;
			files = (
				FB9552052923F22D00859394 /* BackgroundProviderProtocol.swift in Sources */,
				FB9551F22923EEBF00859394 /* ViewController.swift in Sources */,
				FB9551EE2923EEBF00859394 /* AppDelegate.swift in Sources */,
				FB9552072923F29500859394 /* BackgroundProvidingClass.swift in Sources */,
				FB9552092923F39C00859394 /* AnotherVC.swift in Sources */,
				FB9551F02923EEBF00859394 /* SceneDelegate.swift in Sources */,
			);
			runOnlyForDeploymentPostprocessing = 0;
		};
/* End PBXSourcesBuildPhase section */

/* Begin PBXVariantGroup section */
		FB9551F32923EEBF00859394 /* Main.storyboard */ = {
			isa = PBXVariantGroup;
			children = (
				FB9551F42923EEBF00859394 /* Base */,
			);
			name = Main.storyboard;
			sourceTree = "<group>";
		};
		FB9551F82923EEBF00859394 /* LaunchScreen.storyboard */ = {
			isa = PBXVariantGroup;
			children = (
				FB9551F92923EEBF00859394 /* Base */,
			);
			name = LaunchScreen.storyboard;
			sourceTree = "<group>";
		};
/* End PBXVariantGroup section */

/* Begin XCBuildConfiguration section */
		FB9551FC2923EEBF00859394 /* Debug */ = {
			isa = XCBuildConfiguration;
			buildSettings = {
				ALWAYS_SEARCH_USER_PATHS = NO;
				CLANG_ANALYZER_NONNULL = YES;
				CLANG_ANALYZER_NUMBER_OBJECT_CONVERSION = YES_AGGRESSIVE;
				CLANG_CXX_LANGUAGE_STANDARD = "gnu++20";
				CLANG_ENABLE_MODULES = YES;
				CLANG_ENABLE_OBJC_ARC = YES;
				CLANG_ENABLE_OBJC_WEAK = YES;
				CLANG_WARN_BLOCK_CAPTURE_AUTORELEASING = YES;
				CLANG_WARN_BOOL_CONVERSION = YES;
				CLANG_WARN_COMMA = YES;
				CLANG_WARN_CONSTANT_CONVERSION = YES;
				CLANG_WARN_DEPRECATED_OBJC_IMPLEMENTATIONS = YES;
				CLANG_WARN_DIRECT_OBJC_ISA_USAGE = YES_ERROR;
				CLANG_WARN_DOCUMENTATION_COMMENTS = YES;
				CLANG_WARN_EMPTY_BODY = YES;
				CLANG_WARN_ENUM_CONVERSION = YES;
				CLANG_WARN_INFINITE_RECURSION = YES;
				CLANG_WARN_INT_CONVERSION = YES;
				CLANG_WARN_NON_LITERAL_NULL_CONVERSION = YES;
				CLANG_WARN_OBJC_IMPLICIT_RETAIN_SELF = YES;
				CLANG_WARN_OBJC_LITERAL_CONVERSION = YES;
				CLANG_WARN_OBJC_ROOT_CLASS = YES_ERROR;
				CLANG_WARN_QUOTED_INCLUDE_IN_FRAMEWORK_HEADER = YES;
				CLANG_WARN_RANGE_LOOP_ANALYSIS = YES;
				CLANG_WARN_STRICT_PROTOTYPES = YES;
				CLANG_WARN_SUSPICIOUS_MOVE = YES;
				CLANG_WARN_UNGUARDED_AVAILABILITY = YES_AGGRESSIVE;
				CLANG_WARN_UNREACHABLE_CODE = YES;
				CLANG_WARN__DUPLICATE_METHOD_MATCH = YES;
				COPY_PHASE_STRIP = NO;
				DEBUG_INFORMATION_FORMAT = dwarf;
				ENABLE_STRICT_OBJC_MSGSEND = YES;
				ENABLE_TESTABILITY = YES;
				GCC_C_LANGUAGE_STANDARD = gnu11;
				GCC_DYNAMIC_NO_PIC = NO;
				GCC_NO_COMMON_BLOCKS = YES;
				GCC_OPTIMIZATION_LEVEL = 0;
				GCC_PREPROCESSOR_DEFINITIONS = (
					"DEBUG=1",
					"$(inherited)",
				);
				GCC_WARN_64_TO_32_BIT_CONVERSION = YES;
				GCC_WARN_ABOUT_RETURN_TYPE = YES_ERROR;
				GCC_WARN_UNDECLARED_SELECTOR = YES;
				GCC_WARN_UNINITIALIZED_AUTOS = YES_AGGRESSIVE;
				GCC_WARN_UNUSED_FUNCTION = YES;
				GCC_WARN_UNUSED_VARIABLE = YES;
				IPHONEOS_DEPLOYMENT_TARGET = 16.0;
				MTL_ENABLE_DEBUG_INFO = INCLUDE_SOURCE;
				MTL_FAST_MATH = YES;
				ONLY_ACTIVE_ARCH = YES;
				SDKROOT = iphoneos;
				SWIFT_ACTIVE_COMPILATION_CONDITIONS = DEBUG;
				SWIFT_OPTIMIZATION_LEVEL = "-Onone";
			};
			name = Debug;
		};
		FB9551FD2923EEBF00859394 /* Release */ = {
			isa = XCBuildConfiguration;
			buildSettings = {
				ALWAYS_SEARCH_USER_PATHS = NO;
				CLANG_ANALYZER_NONNULL = YES;
				CLANG_ANALYZER_NUMBER_OBJECT_CONVERSION = YES_AGGRESSIVE;
				CLANG_CXX_LANGUAGE_STANDARD = "gnu++20";
				CLANG_ENABLE_MODULES = YES;
				CLANG_ENABLE_OBJC_ARC = YES;
				CLANG_ENABLE_OBJC_WEAK = YES;
				CLANG_WARN_BLOCK_CAPTURE_AUTORELEASING = YES;
				CLANG_WARN_BOOL_CONVERSION = YES;
				CLANG_WARN_COMMA = YES;
				CLANG_WARN_CONSTANT_CONVERSION = YES;
				CLANG_WARN_DEPRECATED_OBJC_IMPLEMENTATIONS = YES;
				CLANG_WARN_DIRECT_OBJC_ISA_USAGE = YES_ERROR;
				CLANG_WARN_DOCUMENTATION_COMMENTS = YES;
				CLANG_WARN_EMPTY_BODY = YES;
				CLANG_WARN_ENUM_CONVERSION = YES;
				CLANG_WARN_INFINITE_RECURSION = YES;
				CLANG_WARN_INT_CONVERSION = YES;
				CLANG_WARN_NON_LITERAL_NULL_CONVERSION = YES;
				CLANG_WARN_OBJC_IMPLICIT_RETAIN_SELF = YES;
				CLANG_WARN_OBJC_LITERAL_CONVERSION = YES;
				CLANG_WARN_OBJC_ROOT_CLASS = YES_ERROR;
				CLANG_WARN_QUOTED_INCLUDE_IN_FRAMEWORK_HEADER = YES;
				CLANG_WARN_RANGE_LOOP_ANALYSIS = YES;
				CLANG_WARN_STRICT_PROTOTYPES = YES;
				CLANG_WARN_SUSPICIOUS_MOVE = YES;
				CLANG_WARN_UNGUARDED_AVAILABILITY = YES_AGGRESSIVE;
				CLANG_WARN_UNREACHABLE_CODE = YES;
				CLANG_WARN__DUPLICATE_METHOD_MATCH = YES;
				COPY_PHASE_STRIP = NO;
				DEBUG_INFORMATION_FORMAT = "dwarf-with-dsym";
				ENABLE_NS_ASSERTIONS = NO;
				ENABLE_STRICT_OBJC_MSGSEND = YES;
				GCC_C_LANGUAGE_STANDARD = gnu11;
				GCC_NO_COMMON_BLOCKS = YES;
				GCC_WARN_64_TO_32_BIT_CONVERSION = YES;
				GCC_WARN_ABOUT_RETURN_TYPE = YES_ERROR;
				GCC_WARN_UNDECLARED_SELECTOR = YES;
				GCC_WARN_UNINITIALIZED_AUTOS = YES_AGGRESSIVE;
				GCC_WARN_UNUSED_FUNCTION = YES;
				GCC_WARN_UNUSED_VARIABLE = YES;
				IPHONEOS_DEPLOYMENT_TARGET = 16.0;
				MTL_ENABLE_DEBUG_INFO = NO;
				MTL_FAST_MATH = YES;
				SDKROOT = iphoneos;
				SWIFT_COMPILATION_MODE = wholemodule;
				SWIFT_OPTIMIZATION_LEVEL = "-O";
				VALIDATE_PRODUCT = YES;
			};
			name = Release;
		};
		FB9551FF2923EEBF00859394 /* Debug */ = {
			isa = XCBuildConfiguration;
			buildSettings = {
				ASSETCATALOG_COMPILER_APPICON_NAME = AppIcon;
				ASSETCATALOG_COMPILER_GLOBAL_ACCENT_COLOR_NAME = AccentColor;
				CODE_SIGN_STYLE = Automatic;
				CURRENT_PROJECT_VERSION = 1;
				DEVELOPMENT_TEAM = GQ3DRVLPT9;
				GENERATE_INFOPLIST_FILE = YES;
				INFOPLIST_FILE = SwiftDependencyInjection/Info.plist;
				INFOPLIST_KEY_UIApplicationSupportsIndirectInputEvents = YES;
				INFOPLIST_KEY_UILaunchStoryboardName = LaunchScreen;
				INFOPLIST_KEY_UIMainStoryboardFile = Main;
				INFOPLIST_KEY_UISupportedInterfaceOrientations_iPad = "UIInterfaceOrientationPortrait UIInterfaceOrientationPortraitUpsideDown UIInterfaceOrientationLandscapeLeft UIInterfaceOrientationLandscapeRight";
				INFOPLIST_KEY_UISupportedInterfaceOrientations_iPhone = "UIInterfaceOrientationPortrait UIInterfaceOrientationLandscapeLeft UIInterfaceOrientationLandscapeRight";
				LD_RUNPATH_SEARCH_PATHS = (
					"$(inherited)",
					"@executable_path/Frameworks",
				);
				MARKETING_VERSION = 1.0;
				PRODUCT_BUNDLE_IDENTIFIER = com.fatihfilizol.SwiftDependencyInjection;
				PRODUCT_NAME = "$(TARGET_NAME)";
				SWIFT_EMIT_LOC_STRINGS = YES;
				SWIFT_VERSION = 5.0;
				TARGETED_DEVICE_FAMILY = "1,2";
			};
			name = Debug;
		};
		FB9552002923EEBF00859394 /* Release */ = {
			isa = XCBuildConfiguration;
			buildSettings = {
				ASSETCATALOG_COMPILER_APPICON_NAME = AppIcon;
				ASSETCATALOG_COMPILER_GLOBAL_ACCENT_COLOR_NAME = AccentColor;
				CODE_SIGN_STYLE = Automatic;
				CURRENT_PROJECT_VERSION = 1;
				DEVELOPMENT_TEAM = GQ3DRVLPT9;
				GENERATE_INFOPLIST_FILE = YES;
				INFOPLIST_FILE = SwiftDependencyInjection/Info.plist;
				INFOPLIST_KEY_UIApplicationSupportsIndirectInputEvents = YES;
				INFOPLIST_KEY_UILaunchStoryboardName = LaunchScreen;
				INFOPLIST_KEY_UIMainStoryboardFile = Main;
				INFOPLIST_KEY_UISupportedInterfaceOrientations_iPad = "UIInterfaceOrientationPortrait UIInterfaceOrientationPortraitUpsideDown UIInterfaceOrientationLandscapeLeft UIInterfaceOrientationLandscapeRight";
				INFOPLIST_KEY_UISupportedInterfaceOrientations_iPhone = "UIInterfaceOrientationPortrait UIInterfaceOrientationLandscapeLeft UIInterfaceOrientationLandscapeRight";
				LD_RUNPATH_SEARCH_PATHS = (
					"$(inherited)",
					"@executable_path/Frameworks",
				);
				MARKETING_VERSION = 1.0;
				PRODUCT_BUNDLE_IDENTIFIER = com.fatihfilizol.SwiftDependencyInjection;
				PRODUCT_NAME = "$(TARGET_NAME)";
				SWIFT_EMIT_LOC_STRINGS = YES;
				SWIFT_VERSION = 5.0;
				TARGETED_DEVICE_FAMILY = "1,2";
			};
			name = Release;
		};
/* End XCBuildConfiguration section */

/* Begin XCConfigurationList section */
		FB9551E52923EEBF00859394 /* Build configuration list for PBXProject "SwiftDependencyInjection" */ = {
			isa = XCConfigurationList;
			buildConfigurations = (
				FB9551FC2923EEBF00859394 /* Debug */,
				FB9551FD2923EEBF00859394 /* Release */,
			);
			defaultConfigurationIsVisible = 0;
			defaultConfigurationName = Release;
		};
		FB9551FE2923EEBF00859394 /* Build configuration list for PBXNativeTarget "SwiftDependencyInjection" */ = {
			isa = XCConfigurationList;
			buildConfigurations = (
				FB9551FF2923EEBF00859394 /* Debug */,
				FB9552002923EEBF00859394 /* Release */,
			);
			defaultConfigurationIsVisible = 0;
			defaultConfigurationName = Release;
		};
/* End XCConfigurationList section */

/* Begin XCRemoteSwiftPackageReference section */
		FB9552012923EEF500859394 /* XCRemoteSwiftPackageReference "Swinject" */ = {
			isa = XCRemoteSwiftPackageReference;
			repositoryURL = "https://github.com/Swinject/Swinject.git";
			requirement = {
				kind = upToNextMajorVersion;
				minimumVersion = 2.0.0;
			};
		};
/* End XCRemoteSwiftPackageReference section */

/* Begin XCSwiftPackageProductDependency section */
		FB9552022923EEF500859394 /* Swinject */ = {
			isa = XCSwiftPackageProductDependency;
			package = FB9552012923EEF500859394 /* XCRemoteSwiftPackageReference "Swinject" */;
			productName = Swinject;
		};
/* End XCSwiftPackageProductDependency section */
	};
	rootObject = FB9551E22923EEBF00859394 /* Project object */;
}
